// !$*UTF8*$!
{
	archiveVersion = 1;
	classes = {
	};
	objectVersion = 46;
	objects = {

/* Begin PBXBuildFile section */
		C45C14061C03BB2900E4D24B /* AppDelegate.swift in Sources */ = {isa = PBXBuildFile; fileRef = C45C14051C03BB2900E4D24B /* AppDelegate.swift */; };
		C45C14081C03BB2900E4D24B /* ViewController.swift in Sources */ = {isa = PBXBuildFile; fileRef = C45C14071C03BB2900E4D24B /* ViewController.swift */; };
		C45C140B1C03BB2900E4D24B /* Main.storyboard in Resources */ = {isa = PBXBuildFile; fileRef = C45C14091C03BB2900E4D24B /* Main.storyboard */; };
		C45C140D1C03BB2900E4D24B /* Assets.xcassets in Resources */ = {isa = PBXBuildFile; fileRef = C45C140C1C03BB2900E4D24B /* Assets.xcassets */; };
		C45C14101C03BB2900E4D24B /* LaunchScreen.storyboard in Resources */ = {isa = PBXBuildFile; fileRef = C45C140E1C03BB2900E4D24B /* LaunchScreen.storyboard */; };
		C45C14271C03BED300E4D24B /* Photo.swift in Sources */ = {isa = PBXBuildFile; fileRef = C45C14261C03BED300E4D24B /* Photo.swift */; };
		C45C14291C03C37000E4D24B /* User.swift in Sources */ = {isa = PBXBuildFile; fileRef = C45C14281C03C37000E4D24B /* User.swift */; };
		C45C142C1C03C7E800E4D24B /* PhotoTests.swift in Sources */ = {isa = PBXBuildFile; fileRef = C45C142B1C03C7E800E4D24B /* PhotoTests.swift */; };
		C45FCF5E1C063D3300CB0AC0 /* UserTests.swift in Sources */ = {isa = PBXBuildFile; fileRef = C45FCF5D1C063D3300CB0AC0 /* UserTests.swift */; };
/* End PBXBuildFile section */

/* Begin PBXContainerItemProxy section */
		C45C14171C03BB2A00E4D24B /* PBXContainerItemProxy */ = {
			isa = PBXContainerItemProxy;
			containerPortal = C45C13FA1C03BB2900E4D24B /* Project object */;
			proxyType = 1;
			remoteGlobalIDString = C45C14011C03BB2900E4D24B;
			remoteInfo = PhotoViewer;
		};
/* End PBXContainerItemProxy section */

/* Begin PBXFileReference section */
		C45C14021C03BB2900E4D24B /* PhotoViewer.app */ = {isa = PBXFileReference; explicitFileType = wrapper.application; includeInIndex = 0; path = PhotoViewer.app; sourceTree = BUILT_PRODUCTS_DIR; };
		C45C14051C03BB2900E4D24B /* AppDelegate.swift */ = {isa = PBXFileReference; lastKnownFileType = sourcecode.swift; path = AppDelegate.swift; sourceTree = "<group>"; };
		C45C14071C03BB2900E4D24B /* ViewController.swift */ = {isa = PBXFileReference; lastKnownFileType = sourcecode.swift; path = ViewController.swift; sourceTree = "<group>"; };
		C45C140A1C03BB2900E4D24B /* Base */ = {isa = PBXFileReference; lastKnownFileType = file.storyboard; name = Base; path = Base.lproj/Main.storyboard; sourceTree = "<group>"; };
		C45C140C1C03BB2900E4D24B /* Assets.xcassets */ = {isa = PBXFileReference; lastKnownFileType = folder.assetcatalog; path = Assets.xcassets; sourceTree = "<group>"; };
		C45C140F1C03BB2900E4D24B /* Base */ = {isa = PBXFileReference; lastKnownFileType = file.storyboard; name = Base; path = Base.lproj/LaunchScreen.storyboard; sourceTree = "<group>"; };
		C45C14111C03BB2900E4D24B /* Info.plist */ = {isa = PBXFileReference; lastKnownFileType = text.plist.xml; path = Info.plist; sourceTree = "<group>"; };
		C45C14161C03BB2A00E4D24B /* PhotoViewerTests.xctest */ = {isa = PBXFileReference; explicitFileType = wrapper.cfbundle; includeInIndex = 0; path = PhotoViewerTests.xctest; sourceTree = BUILT_PRODUCTS_DIR; };
		C45C141C1C03BB2A00E4D24B /* Info.plist */ = {isa = PBXFileReference; lastKnownFileType = text.plist.xml; path = Info.plist; sourceTree = "<group>"; };
		C45C14261C03BED300E4D24B /* Photo.swift */ = {isa = PBXFileReference; fileEncoding = 4; lastKnownFileType = sourcecode.swift; path = Photo.swift; sourceTree = "<group>"; };
		C45C14281C03C37000E4D24B /* User.swift */ = {isa = PBXFileReference; fileEncoding = 4; lastKnownFileType = sourcecode.swift; path = User.swift; sourceTree = "<group>"; };
		C45C142A1C03C7E700E4D24B /* PhotoViewerTests-Bridging-Header.h */ = {isa = PBXFileReference; lastKnownFileType = sourcecode.c.h; path = "PhotoViewerTests-Bridging-Header.h"; sourceTree = "<group>"; };
		C45C142B1C03C7E800E4D24B /* PhotoTests.swift */ = {isa = PBXFileReference; fileEncoding = 4; lastKnownFileType = sourcecode.swift; path = PhotoTests.swift; sourceTree = "<group>"; };
		C45FCF5D1C063D3300CB0AC0 /* UserTests.swift */ = {isa = PBXFileReference; fileEncoding = 4; lastKnownFileType = sourcecode.swift; path = UserTests.swift; sourceTree = "<group>"; };
/* End PBXFileReference section */

/* Begin PBXFrameworksBuildPhase section */
		C45C13FF1C03BB2900E4D24B /* Frameworks */ = {
			isa = PBXFrameworksBuildPhase;
			buildActionMask = 2147483647;
			files = (
			);
			runOnlyForDeploymentPostprocessing = 0;
		};
		C45C14131C03BB2A00E4D24B /* Frameworks */ = {
			isa = PBXFrameworksBuildPhase;
			buildActionMask = 2147483647;
			files = (
			);
			runOnlyForDeploymentPostprocessing = 0;
		};
/* End PBXFrameworksBuildPhase section */

/* Begin PBXGroup section */
		C45C13F91C03BB2900E4D24B = {
			isa = PBXGroup;
			children = (
				C45C14041C03BB2900E4D24B /* PhotoViewer */,
				C45C14191C03BB2A00E4D24B /* PhotoViewerTests */,
				C45C14031C03BB2900E4D24B /* Products */,
			);
			sourceTree = "<group>";
		};
		C45C14031C03BB2900E4D24B /* Products */ = {
			isa = PBXGroup;
			children = (
				C45C14021C03BB2900E4D24B /* PhotoViewer.app */,
				C45C14161C03BB2A00E4D24B /* PhotoViewerTests.xctest */,
			);
			name = Products;
			sourceTree = "<group>";
		};
		C45C14041C03BB2900E4D24B /* PhotoViewer */ = {
			isa = PBXGroup;
			children = (
				C45C14251C03BE8500E4D24B /* Model */,
				C45C14051C03BB2900E4D24B /* AppDelegate.swift */,
				C45C14071C03BB2900E4D24B /* ViewController.swift */,
				C45C14091C03BB2900E4D24B /* Main.storyboard */,
				C45C140C1C03BB2900E4D24B /* Assets.xcassets */,
				C45C140E1C03BB2900E4D24B /* LaunchScreen.storyboard */,
				C45C14111C03BB2900E4D24B /* Info.plist */,
			);
			path = PhotoViewer;
			sourceTree = "<group>";
		};
		C45C14191C03BB2A00E4D24B /* PhotoViewerTests */ = {
			isa = PBXGroup;
			children = (
				C45C141C1C03BB2A00E4D24B /* Info.plist */,
				C45C142B1C03C7E800E4D24B /* PhotoTests.swift */,
				C45FCF5D1C063D3300CB0AC0 /* UserTests.swift */,
				C45C142A1C03C7E700E4D24B /* PhotoViewerTests-Bridging-Header.h */,
			);
			path = PhotoViewerTests;
			sourceTree = "<group>";
		};
		C45C14251C03BE8500E4D24B /* Model */ = {
			isa = PBXGroup;
			children = (
				C45C14261C03BED300E4D24B /* Photo.swift */,
				C45C14281C03C37000E4D24B /* User.swift */,
			);
			name = Model;
			sourceTree = "<group>";
		};
/* End PBXGroup section */

/* Begin PBXNativeTarget section */
		C45C14011C03BB2900E4D24B /* PhotoViewer */ = {
			isa = PBXNativeTarget;
			buildConfigurationList = C45C141F1C03BB2A00E4D24B /* Build configuration list for PBXNativeTarget "PhotoViewer" */;
			buildPhases = (
				C45C13FE1C03BB2900E4D24B /* Sources */,
				C45C13FF1C03BB2900E4D24B /* Frameworks */,
				C45C14001C03BB2900E4D24B /* Resources */,
			);
			buildRules = (
			);
			dependencies = (
			);
			name = PhotoViewer;
			productName = PhotoViewer;
			productReference = C45C14021C03BB2900E4D24B /* PhotoViewer.app */;
			productType = "com.apple.product-type.application";
		};
		C45C14151C03BB2A00E4D24B /* PhotoViewerTests */ = {
			isa = PBXNativeTarget;
			buildConfigurationList = C45C14221C03BB2A00E4D24B /* Build configuration list for PBXNativeTarget "PhotoViewerTests" */;
			buildPhases = (
				C45C14121C03BB2A00E4D24B /* Sources */,
				C45C14131C03BB2A00E4D24B /* Frameworks */,
				C45C14141C03BB2A00E4D24B /* Resources */,
			);
			buildRules = (
			);
			dependencies = (
				C45C14181C03BB2A00E4D24B /* PBXTargetDependency */,
			);
			name = PhotoViewerTests;
			productName = PhotoViewerTests;
			productReference = C45C14161C03BB2A00E4D24B /* PhotoViewerTests.xctest */;
			productType = "com.apple.product-type.bundle.unit-test";
		};
/* End PBXNativeTarget section */

/* Begin PBXProject section */
		C45C13FA1C03BB2900E4D24B /* Project object */ = {
			isa = PBXProject;
			attributes = {
				LastSwiftUpdateCheck = 0710;
				LastUpgradeCheck = 0710;
				ORGANIZATIONNAME = "Red Monster Studio";
				TargetAttributes = {
					C45C14011C03BB2900E4D24B = {
						CreatedOnToolsVersion = 7.1.1;
					};
					C45C14151C03BB2A00E4D24B = {
						CreatedOnToolsVersion = 7.1.1;
						TestTargetID = C45C14011C03BB2900E4D24B;
					};
				};
			};
			buildConfigurationList = C45C13FD1C03BB2900E4D24B /* Build configuration list for PBXProject "PhotoViewer" */;
			compatibilityVersion = "Xcode 3.2";
			developmentRegion = English;
			hasScannedForEncodings = 0;
			knownRegions = (
				en,
				Base,
			);
			mainGroup = C45C13F91C03BB2900E4D24B;
			productRefGroup = C45C14031C03BB2900E4D24B /* Products */;
			projectDirPath = "";
			projectRoot = "";
			targets = (
				C45C14011C03BB2900E4D24B /* PhotoViewer */,
				C45C14151C03BB2A00E4D24B /* PhotoViewerTests */,
			);
		};
/* End PBXProject section */

/* Begin PBXResourcesBuildPhase section */
		C45C14001C03BB2900E4D24B /* Resources */ = {
			isa = PBXResourcesBuildPhase;
			buildActionMask = 2147483647;
			files = (
				C45C14101C03BB2900E4D24B /* LaunchScreen.storyboard in Resources */,
				C45C140D1C03BB2900E4D24B /* Assets.xcassets in Resources */,
				C45C140B1C03BB2900E4D24B /* Main.storyboard in Resources */,
			);
			runOnlyForDeploymentPostprocessing = 0;
		};
		C45C14141C03BB2A00E4D24B /* Resources */ = {
			isa = PBXResourcesBuildPhase;
			buildActionMask = 2147483647;
			files = (
			);
			runOnlyForDeploymentPostprocessing = 0;
		};
/* End PBXResourcesBuildPhase section */

/* Begin PBXSourcesBuildPhase section */
		C45C13FE1C03BB2900E4D24B /* Sources */ = {
			isa = PBXSourcesBuildPhase;
			buildActionMask = 2147483647;
			files = (
				C45C14291C03C37000E4D24B /* User.swift in Sources */,
				C45C14271C03BED300E4D24B /* Photo.swift in Sources */,
				C45C14081C03BB2900E4D24B /* ViewController.swift in Sources */,
				C45C14061C03BB2900E4D24B /* AppDelegate.swift in Sources */,
			);
			runOnlyForDeploymentPostprocessing = 0;
		};
		C45C14121C03BB2A00E4D24B /* Sources */ = {
			isa = PBXSourcesBuildPhase;
			buildActionMask = 2147483647;
			files = (
				C45FCF5E1C063D3300CB0AC0 /* UserTests.swift in Sources */,
				C45C142C1C03C7E800E4D24B /* PhotoTests.swift in Sources */,
			);
			runOnlyForDeploymentPostprocessing = 0;
		};
/* End PBXSourcesBuildPhase section */

/* Begin PBXTargetDependency section */
		C45C14181C03BB2A00E4D24B /* PBXTargetDependency */ = {
			isa = PBXTargetDependency;
			target = C45C14011C03BB2900E4D24B /* PhotoViewer */;
			targetProxy = C45C14171C03BB2A00E4D24B /* PBXContainerItemProxy */;
		};
/* End PBXTargetDependency section */

/* Begin PBXVariantGroup section */
		C45C14091C03BB2900E4D24B /* Main.storyboard */ = {
			isa = PBXVariantGroup;
			children = (
				C45C140A1C03BB2900E4D24B /* Base */,
			);
			name = Main.storyboard;
			sourceTree = "<group>";
		};
		C45C140E1C03BB2900E4D24B /* LaunchScreen.storyboard */ = {
			isa = PBXVariantGroup;
			children = (
				C45C140F1C03BB2900E4D24B /* Base */,
			);
			name = LaunchScreen.storyboard;
			sourceTree = "<group>";
		};
/* End PBXVariantGroup section */

/* Begin XCBuildConfiguration section */
		C45C141D1C03BB2A00E4D24B /* Debug */ = {
			isa = XCBuildConfiguration;
			buildSettings = {
				ALWAYS_SEARCH_USER_PATHS = NO;
				CLANG_CXX_LANGUAGE_STANDARD = "gnu++0x";
				CLANG_CXX_LIBRARY = "libc++";
				CLANG_ENABLE_MODULES = YES;
				CLANG_ENABLE_OBJC_ARC = YES;
				CLANG_WARN_BOOL_CONVERSION = YES;
				CLANG_WARN_CONSTANT_CONVERSION = YES;
				CLANG_WARN_DIRECT_OBJC_ISA_USAGE = YES_ERROR;
				CLANG_WARN_EMPTY_BODY = YES;
				CLANG_WARN_ENUM_CONVERSION = YES;
				CLANG_WARN_INT_CONVERSION = YES;
				CLANG_WARN_OBJC_ROOT_CLASS = YES_ERROR;
				CLANG_WARN_UNREACHABLE_CODE = YES;
				CLANG_WARN__DUPLICATE_METHOD_MATCH = YES;
				"CODE_SIGN_IDENTITY[sdk=iphoneos*]" = "iPhone Developer";
				COPY_PHASE_STRIP = NO;
				DEBUG_INFORMATION_FORMAT = dwarf;
				ENABLE_STRICT_OBJC_MSGSEND = YES;
				ENABLE_TESTABILITY = YES;
				GCC_C_LANGUAGE_STANDARD = gnu99;
				GCC_DYNAMIC_NO_PIC = NO;
				GCC_NO_COMMON_BLOCKS = YES;
				GCC_OPTIMIZATION_LEVEL = 0;
				GCC_PREPROCESSOR_DEFINITIONS = (
					"DEBUG=1",
					"$(inherited)",
				);
				GCC_WARN_64_TO_32_BIT_CONVERSION = YES;
				GCC_WARN_ABOUT_RETURN_TYPE = YES_ERROR;
				GCC_WARN_UNDECLARED_SELECTOR = YES;
				GCC_WARN_UNINITIALIZED_AUTOS = YES_AGGRESSIVE;
				GCC_WARN_UNUSED_FUNCTION = YES;
				GCC_WARN_UNUSED_VARIABLE = YES;
				IPHONEOS_DEPLOYMENT_TARGET = 9.1;
				MTL_ENABLE_DEBUG_INFO = YES;
				ONLY_ACTIVE_ARCH = YES;
				SDKROOT = iphoneos;
				SWIFT_OPTIMIZATION_LEVEL = "-Onone";
			};
			name = Debug;
		};
		C45C141E1C03BB2A00E4D24B /* Release */ = {
			isa = XCBuildConfiguration;
			buildSettings = {
				ALWAYS_SEARCH_USER_PATHS = NO;
				CLANG_CXX_LANGUAGE_STANDARD = "gnu++0x";
				CLANG_CXX_LIBRARY = "libc++";
				CLANG_ENABLE_MODULES = YES;
				CLANG_ENABLE_OBJC_ARC = YES;
				CLANG_WARN_BOOL_CONVERSION = YES;
				CLANG_WARN_CONSTANT_CONVERSION = YES;
				CLANG_WARN_DIRECT_OBJC_ISA_USAGE = YES_ERROR;
				CLANG_WARN_EMPTY_BODY = YES;
				CLANG_WARN_ENUM_CONVERSION = YES;
				CLANG_WARN_INT_CONVERSION = YES;
				CLANG_WARN_OBJC_ROOT_CLASS = YES_ERROR;
				CLANG_WARN_UNREACHABLE_CODE = YES;
				CLANG_WARN__DUPLICATE_METHOD_MATCH = YES;
				"CODE_SIGN_IDENTITY[sdk=iphoneos*]" = "iPhone Developer";
				COPY_PHASE_STRIP = NO;
				DEBUG_INFORMATION_FORMAT = "dwarf-with-dsym";
				ENABLE_NS_ASSERTIONS = NO;
				ENABLE_STRICT_OBJC_MSGSEND = YES;
				GCC_C_LANGUAGE_STANDARD = gnu99;
				GCC_NO_COMMON_BLOCKS = YES;
				GCC_WARN_64_TO_32_BIT_CONVERSION = YES;
				GCC_WARN_ABOUT_RETURN_TYPE = YES_ERROR;
				GCC_WARN_UNDECLARED_SELECTOR = YES;
				GCC_WARN_UNINITIALIZED_AUTOS = YES_AGGRESSIVE;
				GCC_WARN_UNUSED_FUNCTION = YES;
				GCC_WARN_UNUSED_VARIABLE = YES;
				IPHONEOS_DEPLOYMENT_TARGET = 9.1;
				MTL_ENABLE_DEBUG_INFO = NO;
				SDKROOT = iphoneos;
				VALIDATE_PRODUCT = YES;
			};
			name = Release;
		};
		C45C14201C03BB2A00E4D24B /* Debug */ = {
			isa = XCBuildConfiguration;
			buildSettings = {
				ASSETCATALOG_COMPILER_APPICON_NAME = AppIcon;
				INFOPLIST_FILE = PhotoViewer/Info.plist;
				LD_RUNPATH_SEARCH_PATHS = "$(inherited) @executable_path/Frameworks";
				PRODUCT_BUNDLE_IDENTIFIER = es.redmonster.PhotoViewer;
				PRODUCT_NAME = "$(TARGET_NAME)";
			};
			name = Debug;
		};
		C45C14211C03BB2A00E4D24B /* Release */ = {
			isa = XCBuildConfiguration;
			buildSettings = {
				ASSETCATALOG_COMPILER_APPICON_NAME = AppIcon;
				INFOPLIST_FILE = PhotoViewer/Info.plist;
				LD_RUNPATH_SEARCH_PATHS = "$(inherited) @executable_path/Frameworks";
				PRODUCT_BUNDLE_IDENTIFIER = es.redmonster.PhotoViewer;
				PRODUCT_NAME = "$(TARGET_NAME)";
			};
			name = Release;
		};
		C45C14231C03BB2A00E4D24B /* Debug */ = {
			isa = XCBuildConfiguration;
			buildSettings = {
				BUNDLE_LOADER = "$(TEST_HOST)";
				CLANG_ENABLE_MODULES = YES;
				INFOPLIST_FILE = PhotoViewerTests/Info.plist;
				LD_RUNPATH_SEARCH_PATHS = "$(inherited) @executable_path/Frameworks @loader_path/Frameworks";
				PRODUCT_BUNDLE_IDENTIFIER = es.redmonster.PhotoViewerTests;
				PRODUCT_NAME = "$(TARGET_NAME)";
				SWIFT_OBJC_BRIDGING_HEADER = "PhotoViewerTests/PhotoViewerTests-Bridging-Header.h";
				SWIFT_OPTIMIZATION_LEVEL = "-Onone";
				TEST_HOST = "$(BUILT_PRODUCTS_DIR)/PhotoViewer.app/PhotoViewer";
			};
			name = Debug;
		};
		C45C14241C03BB2A00E4D24B /* Release */ = {
			isa = XCBuildConfiguration;
			buildSettings = {
				BUNDLE_LOADER = "$(TEST_HOST)";
				CLANG_ENABLE_MODULES = YES;
				INFOPLIST_FILE = PhotoViewerTests/Info.plist;
				LD_RUNPATH_SEARCH_PATHS = "$(inherited) @executable_path/Frameworks @loader_path/Frameworks";
				PRODUCT_BUNDLE_IDENTIFIER = es.redmonster.PhotoViewerTests;
				PRODUCT_NAME = "$(TARGET_NAME)";
				SWIFT_OBJC_BRIDGING_HEADER = "PhotoViewerTests/PhotoViewerTests-Bridging-Header.h";
				TEST_HOST = "$(BUILT_PRODUCTS_DIR)/PhotoViewer.app/PhotoViewer";
			};
			name = Release;
		};
/* End XCBuildConfiguration section */

/* Begin XCConfigurationList section */
		C45C13FD1C03BB2900E4D24B /* Build configuration list for PBXProject "PhotoViewer" */ = {
			isa = XCConfigurationList;
			buildConfigurations = (
				C45C141D1C03BB2A00E4D24B /* Debug */,
				C45C141E1C03BB2A00E4D24B /* Release */,
			);
			defaultConfigurationIsVisible = 0;
			defaultConfigurationName = Release;
		};
		C45C141F1C03BB2A00E4D24B /* Build configuration list for PBXNativeTarget "PhotoViewer" */ = {
			isa = XCConfigurationList;
			buildConfigurations = (
				C45C14201C03BB2A00E4D24B /* Debug */,
				C45C14211C03BB2A00E4D24B /* Release */,
			);
			defaultConfigurationIsVisible = 0;
			defaultConfigurationName = Release;
		};
		C45C14221C03BB2A00E4D24B /* Build configuration list for PBXNativeTarget "PhotoViewerTests" */ = {
			isa = XCConfigurationList;
			buildConfigurations = (
				C45C14231C03BB2A00E4D24B /* Debug */,
				C45C14241C03BB2A00E4D24B /* Release */,
			);
			defaultConfigurationIsVisible = 0;
			defaultConfigurationName = Release;
		};
/* End XCConfigurationList section */
	};
	rootObject = C45C13FA1C03BB2900E4D24B /* Project object */;
}
